
Microsoft Visual Studio Solution File, Format Version 12.00
# Visual Studio Version 16
VisualStudioVersion = 16.0.29409.12
MinimumVisualStudioVersion = 10.0.40219.1
Project("{FAE04EC0-301F-11D3-BF4B-00C04F79EFBC}") = "HealthyTeams.Api", "HealthyTeams.Api\HealthyTeams.Api.csproj", "{217B4043-0CE3-43B4-862E-7CFEA6330A13}"
EndProject
Project("{9A19103F-16F7-4668-BE54-9A1E7A4F7556}") = "HealthyTeams.Api.Tests", "..\HealthyTeams.Api.Tests\HealthyTeams.Api.Tests.csproj", "{C7DC4649-FEE5-4038-9F3B-6E8957CC889D}"
EndProject
Global
	GlobalSection(SolutionConfigurationPlatforms) = preSolution
		Debug|Any CPU = Debug|Any CPU
		Release|Any CPU = Release|Any CPU
	EndGlobalSection
	GlobalSection(ProjectConfigurationPlatforms) = postSolution
		{217B4043-0CE3-43B4-862E-7CFEA6330A13}.Debug|Any CPU.ActiveCfg = Debug|Any CPU
		{217B4043-0CE3-43B4-862E-7CFEA6330A13}.Debug|Any CPU.Build.0 = Debug|Any CPU
		{217B4043-0CE3-43B4-862E-7CFEA6330A13}.Release|Any CPU.ActiveCfg = Release|Any CPU
		{217B4043-0CE3-43B4-862E-7CFEA6330A13}.Release|Any CPU.Build.0 = Release|Any CPU
		{C7DC4649-FEE5-4038-9F3B-6E8957CC889D}.Debug|Any CPU.ActiveCfg = Debug|Any CPU
		{C7DC4649-FEE5-4038-9F3B-6E8957CC889D}.Debug|Any CPU.Build.0 = Debug|Any CPU
		{C7DC4649-FEE5-4038-9F3B-6E8957CC889D}.Release|Any CPU.ActiveCfg = Release|Any CPU
		{C7DC4649-FEE5-4038-9F3B-6E8957CC889D}.Release|Any CPU.Build.0 = Release|Any CPU
	EndGlobalSection
	GlobalSection(SolutionProperties) = preSolution
		HideSolutionNode = FALSE
	EndGlobalSection
	GlobalSection(ExtensibilityGlobals) = postSolution
		SolutionGuid = {F6870F56-D6B0-465D-B3BD-838899BE23F1}
	EndGlobalSection
EndGlobal
